
Microsoft Visual Studio Solution File, Format Version 12.00
# Visual Studio Version 17
VisualStudioVersion = 17.3.32825.248
MinimumVisualStudioVersion = 10.0.40219.1
Project("{FAE04EC0-301F-11D3-BF4B-00C04F79EFBC}") = "MagicVilla_API", "MagicVilla_API\MagicVilla_API.csproj", "{A84C8298-A55B-4712-846D-ECA5BDBBBDC0}"
EndProject
Global
	GlobalSection(SolutionConfigurationPlatforms) = preSolution
		Debug|Any CPU = Debug|Any CPU
		Release|Any CPU = Release|Any CPU
	EndGlobalSection
	GlobalSection(ProjectConfigurationPlatforms) = postSolution
		{A84C8298-A55B-4712-846D-ECA5BDBBBDC0}.Debug|Any CPU.ActiveCfg = Debug|Any CPU
		{A84C8298-A55B-4712-846D-ECA5BDBBBDC0}.Debug|Any CPU.Build.0 = Debug|Any CPU
		{A84C8298-A55B-4712-846D-ECA5BDBBBDC0}.Release|Any CPU.ActiveCfg = Release|Any CPU
		{A84C8298-A55B-4712-846D-ECA5BDBBBDC0}.Release|Any CPU.Build.0 = Release|Any CPU
	EndGlobalSection
	GlobalSection(SolutionProperties) = preSolution
		HideSolutionNode = FALSE
	EndGlobalSection
	GlobalSection(ExtensibilityGlobals) = postSolution
		SolutionGuid = {9B668099-652C-4DFF-9E41-B4059AD5C752}
	EndGlobalSection
EndGlobal
